
Microsoft Visual Studio Solution File, Format Version 12.00
# Visual Studio 14
VisualStudioVersion = 14.0.25420.1
MinimumVisualStudioVersion = 10.0.40219.1
Project("{FAE04EC0-301F-11D3-BF4B-00C04F79EFBC}") = "StyloShoes", "StyloShoes\StyloShoes.csproj", "{8D1516A0-4927-4BF6-AA51-1C37BA94C88F}"
EndProject
Project("{FAE04EC0-301F-11D3-BF4B-00C04F79EFBC}") = "PL", "PL\PL.csproj", "{D287CDDD-8CCA-49E9-B086-ECB6B25A84BD}"
EndProject
Project("{FAE04EC0-301F-11D3-BF4B-00C04F79EFBC}") = "BLL", "BLL\BLL.csproj", "{9F6E1AE5-E33E-43A4-A452-54A592D2B6A2}"
EndProject
Project("{FAE04EC0-301F-11D3-BF4B-00C04F79EFBC}") = "DAL", "DAL\DAL.csproj", "{A9A2003B-2C11-4E29-8504-ECFA3685F821}"
EndProject
Project("{FAE04EC0-301F-11D3-BF4B-00C04F79EFBC}") = "BussinesObject", "BussinesObject\BussinesObject.csproj", "{3C28F3E0-5998-4E67-8773-DE0616B9CB55}"
EndProject
Global
	GlobalSection(SolutionConfigurationPlatforms) = preSolution
		Debug|Any CPU = Debug|Any CPU
		Release|Any CPU = Release|Any CPU
	EndGlobalSection
	GlobalSection(ProjectConfigurationPlatforms) = postSolution
		{8D1516A0-4927-4BF6-AA51-1C37BA94C88F}.Debug|Any CPU.ActiveCfg = Debug|Any CPU
		{8D1516A0-4927-4BF6-AA51-1C37BA94C88F}.Debug|Any CPU.Build.0 = Debug|Any CPU
		{8D1516A0-4927-4BF6-AA51-1C37BA94C88F}.Release|Any CPU.ActiveCfg = Release|Any CPU
		{8D1516A0-4927-4BF6-AA51-1C37BA94C88F}.Release|Any CPU.Build.0 = Release|Any CPU
		{D287CDDD-8CCA-49E9-B086-ECB6B25A84BD}.Debug|Any CPU.ActiveCfg = Debug|Any CPU
		{D287CDDD-8CCA-49E9-B086-ECB6B25A84BD}.Debug|Any CPU.Build.0 = Debug|Any CPU
		{D287CDDD-8CCA-49E9-B086-ECB6B25A84BD}.Release|Any CPU.ActiveCfg = Release|Any CPU
		{D287CDDD-8CCA-49E9-B086-ECB6B25A84BD}.Release|Any CPU.Build.0 = Release|Any CPU
		{9F6E1AE5-E33E-43A4-A452-54A592D2B6A2}.Debug|Any CPU.ActiveCfg = Debug|Any CPU
		{9F6E1AE5-E33E-43A4-A452-54A592D2B6A2}.Debug|Any CPU.Build.0 = Debug|Any CPU
		{9F6E1AE5-E33E-43A4-A452-54A592D2B6A2}.Release|Any CPU.ActiveCfg = Release|Any CPU
		{9F6E1AE5-E33E-43A4-A452-54A592D2B6A2}.Release|Any CPU.Build.0 = Release|Any CPU
		{A9A2003B-2C11-4E29-8504-ECFA3685F821}.Debug|Any CPU.ActiveCfg = Debug|Any CPU
		{A9A2003B-2C11-4E29-8504-ECFA3685F821}.Debug|Any CPU.Build.0 = Debug|Any CPU
		{A9A2003B-2C11-4E29-8504-ECFA3685F821}.Release|Any CPU.ActiveCfg = Release|Any CPU
		{A9A2003B-2C11-4E29-8504-ECFA3685F821}.Release|Any CPU.Build.0 = Release|Any CPU
		{3C28F3E0-5998-4E67-8773-DE0616B9CB55}.Debug|Any CPU.ActiveCfg = Debug|Any CPU
		{3C28F3E0-5998-4E67-8773-DE0616B9CB55}.Debug|Any CPU.Build.0 = Debug|Any CPU
		{3C28F3E0-5998-4E67-8773-DE0616B9CB55}.Release|Any CPU.ActiveCfg = Release|Any CPU
		{3C28F3E0-5998-4E67-8773-DE0616B9CB55}.Release|Any CPU.Build.0 = Release|Any CPU
	EndGlobalSection
	GlobalSection(SolutionProperties) = preSolution
		HideSolutionNode = FALSE
	EndGlobalSection
EndGlobal
